
Microsoft Visual Studio Solution File, Format Version 12.00
# Visual Studio Version 16
VisualStudioVersion = 16.0.31515.178
MinimumVisualStudioVersion = 10.0.40219.1
Project("{FAE04EC0-301F-11D3-BF4B-00C04F79EFBC}") = "WebApplication1", "WebApplication1\WebApplication1.csproj", "{38BEF633-D3A2-4935-8CD2-D445820D3BD9}"
EndProject
Global
	GlobalSection(SolutionConfigurationPlatforms) = preSolution
		Debug|Any CPU = Debug|Any CPU
		Release|Any CPU = Release|Any CPU
	EndGlobalSection
	GlobalSection(ProjectConfigurationPlatforms) = postSolution
		{38BEF633-D3A2-4935-8CD2-D445820D3BD9}.Debug|Any CPU.ActiveCfg = Debug|Any CPU
		{38BEF633-D3A2-4935-8CD2-D445820D3BD9}.Debug|Any CPU.Build.0 = Debug|Any CPU
		{38BEF633-D3A2-4935-8CD2-D445820D3BD9}.Release|Any CPU.ActiveCfg = Release|Any CPU
		{38BEF633-D3A2-4935-8CD2-D445820D3BD9}.Release|Any CPU.Build.0 = Release|Any CPU
	EndGlobalSection
	GlobalSection(SolutionProperties) = preSolution
		HideSolutionNode = FALSE
	EndGlobalSection
	GlobalSection(ExtensibilityGlobals) = postSolution
		SolutionGuid = {51531FB7-A326-46BB-AB08-13A62D733779}
	EndGlobalSection
EndGlobal
